
Microsoft Visual Studio Solution File, Format Version 12.00
# Visual Studio 15
VisualStudioVersion = 15.0.27004.2005
MinimumVisualStudioVersion = 10.0.40219.1
Project("{2150E333-8FDC-42A3-9474-1A3956D46DE8}") = "src", "src", "{2C348365-A9D8-459E-9276-56FC46AAEE31}"
EndProject
Project("{2150E333-8FDC-42A3-9474-1A3956D46DE8}") = "Solution Items", "Solution Items", "{07464F68-2D8E-45E5-B30A-768FCF4CC903}"
	ProjectSection(SolutionItems) = preProject
		build.cake = build.cake
		build.json = build.json
		Directory.Build.props = Directory.Build.props
		Directory.Build.targets = Directory.Build.targets
		global.json = global.json
		NuGet.Config = NuGet.Config
		tools\packages.config = tools\packages.config
		build\Packages.props = build\Packages.props
		build\Settings.props = build\Settings.props
	EndProjectSection
	ProjectSection(FolderGlobals) = preProject
		global_1json__JSONSchema = http://json.schemastore.org/global
	EndProjectSection
EndProject
Project("{2150E333-8FDC-42A3-9474-1A3956D46DE8}") = "tests", "tests", "{35E025BF-BBB2-4FAC-9F4B-37CBA083EE47}"
EndProject
Project("{9A19103F-16F7-4668-BE54-9A1E7A4F7556}") = "OmniSharp.Tests", "tests\OmniSharp.Tests\OmniSharp.Tests.csproj", "{9485FB0D-D105-4E11-8689-97613144D165}"
EndProject
Project("{9A19103F-16F7-4668-BE54-9A1E7A4F7556}") = "OmniSharp.Stdio", "src\OmniSharp.Stdio\OmniSharp.Stdio.csproj", "{A4F5FE6B-D3B4-4B63-A949-44E12AB8D535}"
EndProject
Project("{9A19103F-16F7-4668-BE54-9A1E7A4F7556}") = "OmniSharp.Stdio.Tests", "tests\OmniSharp.Stdio.Tests\OmniSharp.Stdio.Tests.csproj", "{AB5A975C-378B-45DC-AD69-50D808338AC2}"
EndProject
Project("{9A19103F-16F7-4668-BE54-9A1E7A4F7556}") = "OmniSharp.Abstractions", "src\OmniSharp.Abstractions\OmniSharp.Abstractions.csproj", "{0C54BE83-EF9E-4419-B654-A0760745BF80}"
EndProject
Project("{9A19103F-16F7-4668-BE54-9A1E7A4F7556}") = "OmniSharp.Roslyn.CSharp", "src\OmniSharp.Roslyn.CSharp\OmniSharp.Roslyn.CSharp.csproj", "{ED1A82CB-2741-45F5-A28B-7C36EFDF9746}"
EndProject
Project("{9A19103F-16F7-4668-BE54-9A1E7A4F7556}") = "OmniSharp.Roslyn", "src\OmniSharp.Roslyn\OmniSharp.Roslyn.csproj", "{4F5FC4AF-3977-4ECB-9B58-D16E8024BC97}"
EndProject
Project("{9A19103F-16F7-4668-BE54-9A1E7A4F7556}") = "OmniSharp.MSBuild", "src\OmniSharp.MSBuild\OmniSharp.MSBuild.csproj", "{9AF025CA-3706-401F-8D50-59FAD5AFE725}"
EndProject
Project("{9A19103F-16F7-4668-BE54-9A1E7A4F7556}") = "OmniSharp.Script", "src\OmniSharp.Script\OmniSharp.Script.csproj", "{F52F6F60-AB29-414D-A24B-DE8EFFBA34C0}"
EndProject
Project("{9A19103F-16F7-4668-BE54-9A1E7A4F7556}") = "OmniSharp.MSBuild.Tests", "tests\OmniSharp.MSBuild.Tests\OmniSharp.MSBuild.Tests.csproj", "{194A88AE-1429-416B-86C1-BF6F7FF47404}"
EndProject
Project("{9A19103F-16F7-4668-BE54-9A1E7A4F7556}") = "OmniSharp.Roslyn.CSharp.Tests", "tests\OmniSharp.Roslyn.CSharp.Tests\OmniSharp.Roslyn.CSharp.Tests.csproj", "{2F4B72DA-FC27-4676-8E89-7BAC2EFDF750}"
EndProject
Project("{9A19103F-16F7-4668-BE54-9A1E7A4F7556}") = "OmniSharp.Host", "src\OmniSharp.Host\OmniSharp.Host.csproj", "{A1B54CA5-7F82-4487-8150-B4CB3952A2AD}"
EndProject
Project("{9A19103F-16F7-4668-BE54-9A1E7A4F7556}") = "TestUtility", "tests\TestUtility\TestUtility.csproj", "{9459D3EB-9D7F-437E-AC7A-245698B4D62F}"
EndProject
Project("{9A19103F-16F7-4668-BE54-9A1E7A4F7556}") = "OmniSharp.DotNetTest", "src\OmniSharp.DotNetTest\OmniSharp.DotNetTest.csproj", "{33A68F57-B234-4481-AEDE-03D51756B35A}"
EndProject
Project("{9A19103F-16F7-4668-BE54-9A1E7A4F7556}") = "OmniSharp.DotNetTest.Tests", "tests\OmniSharp.DotNetTest.Tests\OmniSharp.DotNetTest.Tests.csproj", "{F6195E7B-8002-42AE-BF86-E78DBC769A47}"
EndProject
Project("{9A19103F-16F7-4668-BE54-9A1E7A4F7556}") = "OmniSharp.Http", "src\OmniSharp.Http\OmniSharp.Http.csproj", "{0A9BF1CC-2F0D-431C-BAFD-403658E233F1}"
EndProject
Project("{9A19103F-16F7-4668-BE54-9A1E7A4F7556}") = "OmniSharp.Http.Tests", "tests\OmniSharp.Http.Tests\OmniSharp.Http.Tests.csproj", "{1217C534-E8EB-454D-B6E1-12BD30E72F8E}"
EndProject
Project("{9A19103F-16F7-4668-BE54-9A1E7A4F7556}") = "OmniSharp.LanguageServerProtocol", "src\OmniSharp.LanguageServerProtocol\OmniSharp.LanguageServerProtocol.csproj", "{D182B870-72E7-4072-A439-45F4FC148A34}"
EndProject
Project("{9A19103F-16F7-4668-BE54-9A1E7A4F7556}") = "OmniSharp.Cake", "src\OmniSharp.Cake\OmniSharp.Cake.csproj", "{BA0713A6-EF63-419D-B60D-7A84B134531F}"
EndProject
Project("{9A19103F-16F7-4668-BE54-9A1E7A4F7556}") = "OmniSharp.Cake.Tests", "tests\OmniSharp.Cake.Tests\OmniSharp.Cake.Tests.csproj", "{17DAECA3-AE28-4B40-AA52-1EF618346A85}"
EndProject
Project("{9A19103F-16F7-4668-BE54-9A1E7A4F7556}") = "OmniSharp.Http.Driver", "src\OmniSharp.Http.Driver\OmniSharp.Http.Driver.csproj", "{BC640CBF-F6E2-42EA-9D61-FB6E515AEA44}"
EndProject
Project("{9A19103F-16F7-4668-BE54-9A1E7A4F7556}") = "OmniSharp.Stdio.Driver", "src\OmniSharp.Stdio.Driver\OmniSharp.Stdio.Driver.csproj", "{D2A78CEE-B278-476F-AF34-A7D6F792F973}"
EndProject
Project("{9A19103F-16F7-4668-BE54-9A1E7A4F7556}") = "OmniSharp.Script.Tests", "tests\OmniSharp.Script.Tests\OmniSharp.Script.Tests.csproj", "{9E4BA68C-7F4B-429A-A0C7-8CE7D41D610F}"
EndProject
Project("{FAE04EC0-301F-11D3-BF4B-00C04F79EFBC}") = "OmniSharp.Shared", "src\OmniSharp.Shared\OmniSharp.Shared.csproj", "{9571E3FE-E742-44AC-9E1F-64156815B8E1}"
EndProject
Global
	GlobalSection(SolutionConfigurationPlatforms) = preSolution
		Debug|Any CPU = Debug|Any CPU
		Debug|x64 = Debug|x64
		Debug|x86 = Debug|x86
		Release|Any CPU = Release|Any CPU
		Release|x64 = Release|x64
		Release|x86 = Release|x86
	EndGlobalSection
	GlobalSection(ProjectConfigurationPlatforms) = postSolution
		{9485FB0D-D105-4E11-8689-97613144D165}.Debug|Any CPU.ActiveCfg = Debug|Any CPU
		{9485FB0D-D105-4E11-8689-97613144D165}.Debug|Any CPU.Build.0 = Debug|Any CPU
		{9485FB0D-D105-4E11-8689-97613144D165}.Debug|x64.ActiveCfg = Debug|Any CPU
		{9485FB0D-D105-4E11-8689-97613144D165}.Debug|x64.Build.0 = Debug|Any CPU
		{9485FB0D-D105-4E11-8689-97613144D165}.Debug|x86.ActiveCfg = Debug|Any CPU
		{9485FB0D-D105-4E11-8689-97613144D165}.Debug|x86.Build.0 = Debug|Any CPU
		{9485FB0D-D105-4E11-8689-97613144D165}.Release|Any CPU.ActiveCfg = Release|Any CPU
		{9485FB0D-D105-4E11-8689-97613144D165}.Release|Any CPU.Build.0 = Release|Any CPU
		{9485FB0D-D105-4E11-8689-97613144D165}.Release|x64.ActiveCfg = Release|Any CPU
		{9485FB0D-D105-4E11-8689-97613144D165}.Release|x64.Build.0 = Release|Any CPU
		{9485FB0D-D105-4E11-8689-97613144D165}.Release|x86.ActiveCfg = Release|Any CPU
		{9485FB0D-D105-4E11-8689-97613144D165}.Release|x86.Build.0 = Release|Any CPU
		{A4F5FE6B-D3B4-4B63-A949-44E12AB8D535}.Debug|Any CPU.ActiveCfg = Debug|Any CPU
		{A4F5FE6B-D3B4-4B63-A949-44E12AB8D535}.Debug|Any CPU.Build.0 = Debug|Any CPU
		{A4F5FE6B-D3B4-4B63-A949-44E12AB8D535}.Debug|x64.ActiveCfg = Debug|Any CPU
		{A4F5FE6B-D3B4-4B63-A949-44E12AB8D535}.Debug|x64.Build.0 = Debug|Any CPU
		{A4F5FE6B-D3B4-4B63-A949-44E12AB8D535}.Debug|x86.ActiveCfg = Debug|Any CPU
		{A4F5FE6B-D3B4-4B63-A949-44E12AB8D535}.Debug|x86.Build.0 = Debug|Any CPU
		{A4F5FE6B-D3B4-4B63-A949-44E12AB8D535}.Release|Any CPU.ActiveCfg = Release|Any CPU
		{A4F5FE6B-D3B4-4B63-A949-44E12AB8D535}.Release|Any CPU.Build.0 = Release|Any CPU
		{A4F5FE6B-D3B4-4B63-A949-44E12AB8D535}.Release|x64.ActiveCfg = Release|Any CPU
		{A4F5FE6B-D3B4-4B63-A949-44E12AB8D535}.Release|x64.Build.0 = Release|Any CPU
		{A4F5FE6B-D3B4-4B63-A949-44E12AB8D535}.Release|x86.ActiveCfg = Release|Any CPU
		{A4F5FE6B-D3B4-4B63-A949-44E12AB8D535}.Release|x86.Build.0 = Release|Any CPU
		{AB5A975C-378B-45DC-AD69-50D808338AC2}.Debug|Any CPU.ActiveCfg = Debug|Any CPU
		{AB5A975C-378B-45DC-AD69-50D808338AC2}.Debug|Any CPU.Build.0 = Debug|Any CPU
		{AB5A975C-378B-45DC-AD69-50D808338AC2}.Debug|x64.ActiveCfg = Debug|Any CPU
		{AB5A975C-378B-45DC-AD69-50D808338AC2}.Debug|x64.Build.0 = Debug|Any CPU
		{AB5A975C-378B-45DC-AD69-50D808338AC2}.Debug|x86.ActiveCfg = Debug|Any CPU
		{AB5A975C-378B-45DC-AD69-50D808338AC2}.Debug|x86.Build.0 = Debug|Any CPU
		{AB5A975C-378B-45DC-AD69-50D808338AC2}.Release|Any CPU.ActiveCfg = Release|Any CPU
		{AB5A975C-378B-45DC-AD69-50D808338AC2}.Release|Any CPU.Build.0 = Release|Any CPU
		{AB5A975C-378B-45DC-AD69-50D808338AC2}.Release|x64.ActiveCfg = Release|Any CPU
		{AB5A975C-378B-45DC-AD69-50D808338AC2}.Release|x64.Build.0 = Release|Any CPU
		{AB5A975C-378B-45DC-AD69-50D808338AC2}.Release|x86.ActiveCfg = Release|Any CPU
		{AB5A975C-378B-45DC-AD69-50D808338AC2}.Release|x86.Build.0 = Release|Any CPU
		{0C54BE83-EF9E-4419-B654-A0760745BF80}.Debug|Any CPU.ActiveCfg = Debug|Any CPU
		{0C54BE83-EF9E-4419-B654-A0760745BF80}.Debug|Any CPU.Build.0 = Debug|Any CPU
		{0C54BE83-EF9E-4419-B654-A0760745BF80}.Debug|x64.ActiveCfg = Debug|Any CPU
		{0C54BE83-EF9E-4419-B654-A0760745BF80}.Debug|x64.Build.0 = Debug|Any CPU
		{0C54BE83-EF9E-4419-B654-A0760745BF80}.Debug|x86.ActiveCfg = Debug|Any CPU
		{0C54BE83-EF9E-4419-B654-A0760745BF80}.Debug|x86.Build.0 = Debug|Any CPU
		{0C54BE83-EF9E-4419-B654-A0760745BF80}.Release|Any CPU.ActiveCfg = Release|Any CPU
		{0C54BE83-EF9E-4419-B654-A0760745BF80}.Release|Any CPU.Build.0 = Release|Any CPU
		{0C54BE83-EF9E-4419-B654-A0760745BF80}.Release|x64.ActiveCfg = Release|Any CPU
		{0C54BE83-EF9E-4419-B654-A0760745BF80}.Release|x64.Build.0 = Release|Any CPU
		{0C54BE83-EF9E-4419-B654-A0760745BF80}.Release|x86.ActiveCfg = Release|Any CPU
		{0C54BE83-EF9E-4419-B654-A0760745BF80}.Release|x86.Build.0 = Release|Any CPU
		{ED1A82CB-2741-45F5-A28B-7C36EFDF9746}.Debug|Any CPU.ActiveCfg = Debug|Any CPU
		{ED1A82CB-2741-45F5-A28B-7C36EFDF9746}.Debug|Any CPU.Build.0 = Debug|Any CPU
		{ED1A82CB-2741-45F5-A28B-7C36EFDF9746}.Debug|x64.ActiveCfg = Debug|Any CPU
		{ED1A82CB-2741-45F5-A28B-7C36EFDF9746}.Debug|x64.Build.0 = Debug|Any CPU
		{ED1A82CB-2741-45F5-A28B-7C36EFDF9746}.Debug|x86.ActiveCfg = Debug|Any CPU
		{ED1A82CB-2741-45F5-A28B-7C36EFDF9746}.Debug|x86.Build.0 = Debug|Any CPU
		{ED1A82CB-2741-45F5-A28B-7C36EFDF9746}.Release|Any CPU.ActiveCfg = Release|Any CPU
		{ED1A82CB-2741-45F5-A28B-7C36EFDF9746}.Release|Any CPU.Build.0 = Release|Any CPU
		{ED1A82CB-2741-45F5-A28B-7C36EFDF9746}.Release|x64.ActiveCfg = Release|Any CPU
		{ED1A82CB-2741-45F5-A28B-7C36EFDF9746}.Release|x64.Build.0 = Release|Any CPU
		{ED1A82CB-2741-45F5-A28B-7C36EFDF9746}.Release|x86.ActiveCfg = Release|Any CPU
		{ED1A82CB-2741-45F5-A28B-7C36EFDF9746}.Release|x86.Build.0 = Release|Any CPU
		{4F5FC4AF-3977-4ECB-9B58-D16E8024BC97}.Debug|Any CPU.ActiveCfg = Debug|Any CPU
		{4F5FC4AF-3977-4ECB-9B58-D16E8024BC97}.Debug|Any CPU.Build.0 = Debug|Any CPU
		{4F5FC4AF-3977-4ECB-9B58-D16E8024BC97}.Debug|x64.ActiveCfg = Debug|Any CPU
		{4F5FC4AF-3977-4ECB-9B58-D16E8024BC97}.Debug|x64.Build.0 = Debug|Any CPU
		{4F5FC4AF-3977-4ECB-9B58-D16E8024BC97}.Debug|x86.ActiveCfg = Debug|Any CPU
		{4F5FC4AF-3977-4ECB-9B58-D16E8024BC97}.Debug|x86.Build.0 = Debug|Any CPU
		{4F5FC4AF-3977-4ECB-9B58-D16E8024BC97}.Release|Any CPU.ActiveCfg = Release|Any CPU
		{4F5FC4AF-3977-4ECB-9B58-D16E8024BC97}.Release|Any CPU.Build.0 = Release|Any CPU
		{4F5FC4AF-3977-4ECB-9B58-D16E8024BC97}.Release|x64.ActiveCfg = Release|Any CPU
		{4F5FC4AF-3977-4ECB-9B58-D16E8024BC97}.Release|x64.Build.0 = Release|Any CPU
		{4F5FC4AF-3977-4ECB-9B58-D16E8024BC97}.Release|x86.ActiveCfg = Release|Any CPU
		{4F5FC4AF-3977-4ECB-9B58-D16E8024BC97}.Release|x86.Build.0 = Release|Any CPU
		{9AF025CA-3706-401F-8D50-59FAD5AFE725}.Debug|Any CPU.ActiveCfg = Debug|Any CPU
		{9AF025CA-3706-401F-8D50-59FAD5AFE725}.Debug|Any CPU.Build.0 = Debug|Any CPU
		{9AF025CA-3706-401F-8D50-59FAD5AFE725}.Debug|x64.ActiveCfg = Debug|Any CPU
		{9AF025CA-3706-401F-8D50-59FAD5AFE725}.Debug|x64.Build.0 = Debug|Any CPU
		{9AF025CA-3706-401F-8D50-59FAD5AFE725}.Debug|x86.ActiveCfg = Debug|Any CPU
		{9AF025CA-3706-401F-8D50-59FAD5AFE725}.Debug|x86.Build.0 = Debug|Any CPU
		{9AF025CA-3706-401F-8D50-59FAD5AFE725}.Release|Any CPU.ActiveCfg = Release|Any CPU
		{9AF025CA-3706-401F-8D50-59FAD5AFE725}.Release|Any CPU.Build.0 = Release|Any CPU
		{9AF025CA-3706-401F-8D50-59FAD5AFE725}.Release|x64.ActiveCfg = Release|Any CPU
		{9AF025CA-3706-401F-8D50-59FAD5AFE725}.Release|x64.Build.0 = Release|Any CPU
		{9AF025CA-3706-401F-8D50-59FAD5AFE725}.Release|x86.ActiveCfg = Release|Any CPU
		{9AF025CA-3706-401F-8D50-59FAD5AFE725}.Release|x86.Build.0 = Release|Any CPU
		{F52F6F60-AB29-414D-A24B-DE8EFFBA34C0}.Debug|Any CPU.ActiveCfg = Debug|Any CPU
		{F52F6F60-AB29-414D-A24B-DE8EFFBA34C0}.Debug|Any CPU.Build.0 = Debug|Any CPU
		{F52F6F60-AB29-414D-A24B-DE8EFFBA34C0}.Debug|x64.ActiveCfg = Debug|Any CPU
		{F52F6F60-AB29-414D-A24B-DE8EFFBA34C0}.Debug|x64.Build.0 = Debug|Any CPU
		{F52F6F60-AB29-414D-A24B-DE8EFFBA34C0}.Debug|x86.ActiveCfg = Debug|Any CPU
		{F52F6F60-AB29-414D-A24B-DE8EFFBA34C0}.Debug|x86.Build.0 = Debug|Any CPU
		{F52F6F60-AB29-414D-A24B-DE8EFFBA34C0}.Release|Any CPU.ActiveCfg = Release|Any CPU
		{F52F6F60-AB29-414D-A24B-DE8EFFBA34C0}.Release|Any CPU.Build.0 = Release|Any CPU
		{F52F6F60-AB29-414D-A24B-DE8EFFBA34C0}.Release|x64.ActiveCfg = Release|Any CPU
		{F52F6F60-AB29-414D-A24B-DE8EFFBA34C0}.Release|x64.Build.0 = Release|Any CPU
		{F52F6F60-AB29-414D-A24B-DE8EFFBA34C0}.Release|x86.ActiveCfg = Release|Any CPU
		{F52F6F60-AB29-414D-A24B-DE8EFFBA34C0}.Release|x86.Build.0 = Release|Any CPU
		{194A88AE-1429-416B-86C1-BF6F7FF47404}.Debug|Any CPU.ActiveCfg = Debug|Any CPU
		{194A88AE-1429-416B-86C1-BF6F7FF47404}.Debug|Any CPU.Build.0 = Debug|Any CPU
		{194A88AE-1429-416B-86C1-BF6F7FF47404}.Debug|x64.ActiveCfg = Debug|Any CPU
		{194A88AE-1429-416B-86C1-BF6F7FF47404}.Debug|x64.Build.0 = Debug|Any CPU
		{194A88AE-1429-416B-86C1-BF6F7FF47404}.Debug|x86.ActiveCfg = Debug|Any CPU
		{194A88AE-1429-416B-86C1-BF6F7FF47404}.Debug|x86.Build.0 = Debug|Any CPU
		{194A88AE-1429-416B-86C1-BF6F7FF47404}.Release|Any CPU.ActiveCfg = Release|Any CPU
		{194A88AE-1429-416B-86C1-BF6F7FF47404}.Release|Any CPU.Build.0 = Release|Any CPU
		{194A88AE-1429-416B-86C1-BF6F7FF47404}.Release|x64.ActiveCfg = Release|Any CPU
		{194A88AE-1429-416B-86C1-BF6F7FF47404}.Release|x64.Build.0 = Release|Any CPU
		{194A88AE-1429-416B-86C1-BF6F7FF47404}.Release|x86.ActiveCfg = Release|Any CPU
		{194A88AE-1429-416B-86C1-BF6F7FF47404}.Release|x86.Build.0 = Release|Any CPU
		{2F4B72DA-FC27-4676-8E89-7BAC2EFDF750}.Debug|Any CPU.ActiveCfg = Debug|Any CPU
		{2F4B72DA-FC27-4676-8E89-7BAC2EFDF750}.Debug|Any CPU.Build.0 = Debug|Any CPU
		{2F4B72DA-FC27-4676-8E89-7BAC2EFDF750}.Debug|x64.ActiveCfg = Debug|Any CPU
		{2F4B72DA-FC27-4676-8E89-7BAC2EFDF750}.Debug|x64.Build.0 = Debug|Any CPU
		{2F4B72DA-FC27-4676-8E89-7BAC2EFDF750}.Debug|x86.ActiveCfg = Debug|Any CPU
		{2F4B72DA-FC27-4676-8E89-7BAC2EFDF750}.Debug|x86.Build.0 = Debug|Any CPU
		{2F4B72DA-FC27-4676-8E89-7BAC2EFDF750}.Release|Any CPU.ActiveCfg = Release|Any CPU
		{2F4B72DA-FC27-4676-8E89-7BAC2EFDF750}.Release|Any CPU.Build.0 = Release|Any CPU
		{2F4B72DA-FC27-4676-8E89-7BAC2EFDF750}.Release|x64.ActiveCfg = Release|Any CPU
		{2F4B72DA-FC27-4676-8E89-7BAC2EFDF750}.Release|x64.Build.0 = Release|Any CPU
		{2F4B72DA-FC27-4676-8E89-7BAC2EFDF750}.Release|x86.ActiveCfg = Release|Any CPU
		{2F4B72DA-FC27-4676-8E89-7BAC2EFDF750}.Release|x86.Build.0 = Release|Any CPU
		{A1B54CA5-7F82-4487-8150-B4CB3952A2AD}.Debug|Any CPU.ActiveCfg = Debug|Any CPU
		{A1B54CA5-7F82-4487-8150-B4CB3952A2AD}.Debug|Any CPU.Build.0 = Debug|Any CPU
		{A1B54CA5-7F82-4487-8150-B4CB3952A2AD}.Debug|x64.ActiveCfg = Debug|Any CPU
		{A1B54CA5-7F82-4487-8150-B4CB3952A2AD}.Debug|x64.Build.0 = Debug|Any CPU
		{A1B54CA5-7F82-4487-8150-B4CB3952A2AD}.Debug|x86.ActiveCfg = Debug|Any CPU
		{A1B54CA5-7F82-4487-8150-B4CB3952A2AD}.Debug|x86.Build.0 = Debug|Any CPU
		{A1B54CA5-7F82-4487-8150-B4CB3952A2AD}.Release|Any CPU.ActiveCfg = Release|Any CPU
		{A1B54CA5-7F82-4487-8150-B4CB3952A2AD}.Release|Any CPU.Build.0 = Release|Any CPU
		{A1B54CA5-7F82-4487-8150-B4CB3952A2AD}.Release|x64.ActiveCfg = Release|Any CPU
		{A1B54CA5-7F82-4487-8150-B4CB3952A2AD}.Release|x64.Build.0 = Release|Any CPU
		{A1B54CA5-7F82-4487-8150-B4CB3952A2AD}.Release|x86.ActiveCfg = Release|Any CPU
		{A1B54CA5-7F82-4487-8150-B4CB3952A2AD}.Release|x86.Build.0 = Release|Any CPU
		{9459D3EB-9D7F-437E-AC7A-245698B4D62F}.Debug|Any CPU.ActiveCfg = Debug|Any CPU
		{9459D3EB-9D7F-437E-AC7A-245698B4D62F}.Debug|Any CPU.Build.0 = Debug|Any CPU
		{9459D3EB-9D7F-437E-AC7A-245698B4D62F}.Debug|x64.ActiveCfg = Debug|Any CPU
		{9459D3EB-9D7F-437E-AC7A-245698B4D62F}.Debug|x64.Build.0 = Debug|Any CPU
		{9459D3EB-9D7F-437E-AC7A-245698B4D62F}.Debug|x86.ActiveCfg = Debug|Any CPU
		{9459D3EB-9D7F-437E-AC7A-245698B4D62F}.Debug|x86.Build.0 = Debug|Any CPU
		{9459D3EB-9D7F-437E-AC7A-245698B4D62F}.Release|Any CPU.ActiveCfg = Release|Any CPU
		{9459D3EB-9D7F-437E-AC7A-245698B4D62F}.Release|Any CPU.Build.0 = Release|Any CPU
		{9459D3EB-9D7F-437E-AC7A-245698B4D62F}.Release|x64.ActiveCfg = Release|Any CPU
		{9459D3EB-9D7F-437E-AC7A-245698B4D62F}.Release|x64.Build.0 = Release|Any CPU
		{9459D3EB-9D7F-437E-AC7A-245698B4D62F}.Release|x86.ActiveCfg = Release|Any CPU
		{9459D3EB-9D7F-437E-AC7A-245698B4D62F}.Release|x86.Build.0 = Release|Any CPU
		{33A68F57-B234-4481-AEDE-03D51756B35A}.Debug|Any CPU.ActiveCfg = Debug|Any CPU
		{33A68F57-B234-4481-AEDE-03D51756B35A}.Debug|Any CPU.Build.0 = Debug|Any CPU
		{33A68F57-B234-4481-AEDE-03D51756B35A}.Debug|x64.ActiveCfg = Debug|Any CPU
		{33A68F57-B234-4481-AEDE-03D51756B35A}.Debug|x64.Build.0 = Debug|Any CPU
		{33A68F57-B234-4481-AEDE-03D51756B35A}.Debug|x86.ActiveCfg = Debug|Any CPU
		{33A68F57-B234-4481-AEDE-03D51756B35A}.Debug|x86.Build.0 = Debug|Any CPU
		{33A68F57-B234-4481-AEDE-03D51756B35A}.Release|Any CPU.ActiveCfg = Release|Any CPU
		{33A68F57-B234-4481-AEDE-03D51756B35A}.Release|Any CPU.Build.0 = Release|Any CPU
		{33A68F57-B234-4481-AEDE-03D51756B35A}.Release|x64.ActiveCfg = Release|Any CPU
		{33A68F57-B234-4481-AEDE-03D51756B35A}.Release|x64.Build.0 = Release|Any CPU
		{33A68F57-B234-4481-AEDE-03D51756B35A}.Release|x86.ActiveCfg = Release|Any CPU
		{33A68F57-B234-4481-AEDE-03D51756B35A}.Release|x86.Build.0 = Release|Any CPU
		{F6195E7B-8002-42AE-BF86-E78DBC769A47}.Debug|Any CPU.ActiveCfg = Debug|Any CPU
		{F6195E7B-8002-42AE-BF86-E78DBC769A47}.Debug|Any CPU.Build.0 = Debug|Any CPU
		{F6195E7B-8002-42AE-BF86-E78DBC769A47}.Debug|x64.ActiveCfg = Debug|Any CPU
		{F6195E7B-8002-42AE-BF86-E78DBC769A47}.Debug|x64.Build.0 = Debug|Any CPU
		{F6195E7B-8002-42AE-BF86-E78DBC769A47}.Debug|x86.ActiveCfg = Debug|Any CPU
		{F6195E7B-8002-42AE-BF86-E78DBC769A47}.Debug|x86.Build.0 = Debug|Any CPU
		{F6195E7B-8002-42AE-BF86-E78DBC769A47}.Release|Any CPU.ActiveCfg = Release|Any CPU
		{F6195E7B-8002-42AE-BF86-E78DBC769A47}.Release|Any CPU.Build.0 = Release|Any CPU
		{F6195E7B-8002-42AE-BF86-E78DBC769A47}.Release|x64.ActiveCfg = Release|Any CPU
		{F6195E7B-8002-42AE-BF86-E78DBC769A47}.Release|x64.Build.0 = Release|Any CPU
		{F6195E7B-8002-42AE-BF86-E78DBC769A47}.Release|x86.ActiveCfg = Release|Any CPU
		{F6195E7B-8002-42AE-BF86-E78DBC769A47}.Release|x86.Build.0 = Release|Any CPU
		{0A9BF1CC-2F0D-431C-BAFD-403658E233F1}.Debug|Any CPU.ActiveCfg = Debug|Any CPU
		{0A9BF1CC-2F0D-431C-BAFD-403658E233F1}.Debug|Any CPU.Build.0 = Debug|Any CPU
		{0A9BF1CC-2F0D-431C-BAFD-403658E233F1}.Debug|x64.ActiveCfg = Debug|Any CPU
		{0A9BF1CC-2F0D-431C-BAFD-403658E233F1}.Debug|x64.Build.0 = Debug|Any CPU
		{0A9BF1CC-2F0D-431C-BAFD-403658E233F1}.Debug|x86.ActiveCfg = Debug|Any CPU
		{0A9BF1CC-2F0D-431C-BAFD-403658E233F1}.Debug|x86.Build.0 = Debug|Any CPU
		{0A9BF1CC-2F0D-431C-BAFD-403658E233F1}.Release|Any CPU.ActiveCfg = Release|Any CPU
		{0A9BF1CC-2F0D-431C-BAFD-403658E233F1}.Release|Any CPU.Build.0 = Release|Any CPU
		{0A9BF1CC-2F0D-431C-BAFD-403658E233F1}.Release|x64.ActiveCfg = Release|Any CPU
		{0A9BF1CC-2F0D-431C-BAFD-403658E233F1}.Release|x64.Build.0 = Release|Any CPU
		{0A9BF1CC-2F0D-431C-BAFD-403658E233F1}.Release|x86.ActiveCfg = Release|Any CPU
		{0A9BF1CC-2F0D-431C-BAFD-403658E233F1}.Release|x86.Build.0 = Release|Any CPU
		{1217C534-E8EB-454D-B6E1-12BD30E72F8E}.Debug|Any CPU.ActiveCfg = Debug|Any CPU
		{1217C534-E8EB-454D-B6E1-12BD30E72F8E}.Debug|Any CPU.Build.0 = Debug|Any CPU
		{1217C534-E8EB-454D-B6E1-12BD30E72F8E}.Debug|x64.ActiveCfg = Debug|Any CPU
		{1217C534-E8EB-454D-B6E1-12BD30E72F8E}.Debug|x64.Build.0 = Debug|Any CPU
		{1217C534-E8EB-454D-B6E1-12BD30E72F8E}.Debug|x86.ActiveCfg = Debug|Any CPU
		{1217C534-E8EB-454D-B6E1-12BD30E72F8E}.Debug|x86.Build.0 = Debug|Any CPU
		{1217C534-E8EB-454D-B6E1-12BD30E72F8E}.Release|Any CPU.ActiveCfg = Release|Any CPU
		{1217C534-E8EB-454D-B6E1-12BD30E72F8E}.Release|Any CPU.Build.0 = Release|Any CPU
		{1217C534-E8EB-454D-B6E1-12BD30E72F8E}.Release|x64.ActiveCfg = Release|Any CPU
		{1217C534-E8EB-454D-B6E1-12BD30E72F8E}.Release|x64.Build.0 = Release|Any CPU
		{1217C534-E8EB-454D-B6E1-12BD30E72F8E}.Release|x86.ActiveCfg = Release|Any CPU
		{1217C534-E8EB-454D-B6E1-12BD30E72F8E}.Release|x86.Build.0 = Release|Any CPU
		{D182B870-72E7-4072-A439-45F4FC148A34}.Debug|Any CPU.ActiveCfg = Debug|Any CPU
		{D182B870-72E7-4072-A439-45F4FC148A34}.Debug|Any CPU.Build.0 = Debug|Any CPU
		{D182B870-72E7-4072-A439-45F4FC148A34}.Debug|x64.ActiveCfg = Debug|Any CPU
		{D182B870-72E7-4072-A439-45F4FC148A34}.Debug|x64.Build.0 = Debug|Any CPU
		{D182B870-72E7-4072-A439-45F4FC148A34}.Debug|x86.ActiveCfg = Debug|Any CPU
		{D182B870-72E7-4072-A439-45F4FC148A34}.Debug|x86.Build.0 = Debug|Any CPU
		{D182B870-72E7-4072-A439-45F4FC148A34}.Release|Any CPU.ActiveCfg = Release|Any CPU
		{D182B870-72E7-4072-A439-45F4FC148A34}.Release|Any CPU.Build.0 = Release|Any CPU
		{D182B870-72E7-4072-A439-45F4FC148A34}.Release|x64.ActiveCfg = Release|Any CPU
		{D182B870-72E7-4072-A439-45F4FC148A34}.Release|x64.Build.0 = Release|Any CPU
		{D182B870-72E7-4072-A439-45F4FC148A34}.Release|x86.ActiveCfg = Release|Any CPU
		{D182B870-72E7-4072-A439-45F4FC148A34}.Release|x86.Build.0 = Release|Any CPU
		{BA0713A6-EF63-419D-B60D-7A84B134531F}.Debug|Any CPU.ActiveCfg = Debug|Any CPU
		{BA0713A6-EF63-419D-B60D-7A84B134531F}.Debug|Any CPU.Build.0 = Debug|Any CPU
		{BA0713A6-EF63-419D-B60D-7A84B134531F}.Debug|x64.ActiveCfg = Debug|Any CPU
		{BA0713A6-EF63-419D-B60D-7A84B134531F}.Debug|x64.Build.0 = Debug|Any CPU
		{BA0713A6-EF63-419D-B60D-7A84B134531F}.Debug|x86.ActiveCfg = Debug|Any CPU
		{BA0713A6-EF63-419D-B60D-7A84B134531F}.Debug|x86.Build.0 = Debug|Any CPU
		{BA0713A6-EF63-419D-B60D-7A84B134531F}.Release|Any CPU.ActiveCfg = Release|Any CPU
		{BA0713A6-EF63-419D-B60D-7A84B134531F}.Release|Any CPU.Build.0 = Release|Any CPU
		{BA0713A6-EF63-419D-B60D-7A84B134531F}.Release|x64.ActiveCfg = Release|Any CPU
		{BA0713A6-EF63-419D-B60D-7A84B134531F}.Release|x64.Build.0 = Release|Any CPU
		{BA0713A6-EF63-419D-B60D-7A84B134531F}.Release|x86.ActiveCfg = Release|Any CPU
		{BA0713A6-EF63-419D-B60D-7A84B134531F}.Release|x86.Build.0 = Release|Any CPU
		{17DAECA3-AE28-4B40-AA52-1EF618346A85}.Debug|Any CPU.ActiveCfg = Debug|Any CPU
		{17DAECA3-AE28-4B40-AA52-1EF618346A85}.Debug|Any CPU.Build.0 = Debug|Any CPU
		{17DAECA3-AE28-4B40-AA52-1EF618346A85}.Debug|x64.ActiveCfg = Debug|Any CPU
		{17DAECA3-AE28-4B40-AA52-1EF618346A85}.Debug|x64.Build.0 = Debug|Any CPU
		{17DAECA3-AE28-4B40-AA52-1EF618346A85}.Debug|x86.ActiveCfg = Debug|Any CPU
		{17DAECA3-AE28-4B40-AA52-1EF618346A85}.Debug|x86.Build.0 = Debug|Any CPU
		{17DAECA3-AE28-4B40-AA52-1EF618346A85}.Release|Any CPU.ActiveCfg = Release|Any CPU
		{17DAECA3-AE28-4B40-AA52-1EF618346A85}.Release|Any CPU.Build.0 = Release|Any CPU
		{17DAECA3-AE28-4B40-AA52-1EF618346A85}.Release|x64.ActiveCfg = Release|Any CPU
		{17DAECA3-AE28-4B40-AA52-1EF618346A85}.Release|x64.Build.0 = Release|Any CPU
		{17DAECA3-AE28-4B40-AA52-1EF618346A85}.Release|x86.ActiveCfg = Release|Any CPU
		{17DAECA3-AE28-4B40-AA52-1EF618346A85}.Release|x86.Build.0 = Release|Any CPU
		{BC640CBF-F6E2-42EA-9D61-FB6E515AEA44}.Debug|Any CPU.ActiveCfg = Debug|Any CPU
		{BC640CBF-F6E2-42EA-9D61-FB6E515AEA44}.Debug|Any CPU.Build.0 = Debug|Any CPU
		{BC640CBF-F6E2-42EA-9D61-FB6E515AEA44}.Debug|x64.ActiveCfg = Debug|Any CPU
		{BC640CBF-F6E2-42EA-9D61-FB6E515AEA44}.Debug|x64.Build.0 = Debug|Any CPU
		{BC640CBF-F6E2-42EA-9D61-FB6E515AEA44}.Debug|x86.ActiveCfg = Debug|Any CPU
		{BC640CBF-F6E2-42EA-9D61-FB6E515AEA44}.Debug|x86.Build.0 = Debug|Any CPU
		{BC640CBF-F6E2-42EA-9D61-FB6E515AEA44}.Release|Any CPU.ActiveCfg = Release|Any CPU
		{BC640CBF-F6E2-42EA-9D61-FB6E515AEA44}.Release|Any CPU.Build.0 = Release|Any CPU
		{BC640CBF-F6E2-42EA-9D61-FB6E515AEA44}.Release|x64.ActiveCfg = Release|Any CPU
		{BC640CBF-F6E2-42EA-9D61-FB6E515AEA44}.Release|x64.Build.0 = Release|Any CPU
		{BC640CBF-F6E2-42EA-9D61-FB6E515AEA44}.Release|x86.ActiveCfg = Release|Any CPU
		{BC640CBF-F6E2-42EA-9D61-FB6E515AEA44}.Release|x86.Build.0 = Release|Any CPU
		{D2A78CEE-B278-476F-AF34-A7D6F792F973}.Debug|Any CPU.ActiveCfg = Debug|Any CPU
		{D2A78CEE-B278-476F-AF34-A7D6F792F973}.Debug|Any CPU.Build.0 = Debug|Any CPU
		{D2A78CEE-B278-476F-AF34-A7D6F792F973}.Debug|x64.ActiveCfg = Debug|Any CPU
		{D2A78CEE-B278-476F-AF34-A7D6F792F973}.Debug|x64.Build.0 = Debug|Any CPU
		{D2A78CEE-B278-476F-AF34-A7D6F792F973}.Debug|x86.ActiveCfg = Debug|Any CPU
		{D2A78CEE-B278-476F-AF34-A7D6F792F973}.Debug|x86.Build.0 = Debug|Any CPU
		{D2A78CEE-B278-476F-AF34-A7D6F792F973}.Release|Any CPU.ActiveCfg = Release|Any CPU
		{D2A78CEE-B278-476F-AF34-A7D6F792F973}.Release|Any CPU.Build.0 = Release|Any CPU
		{D2A78CEE-B278-476F-AF34-A7D6F792F973}.Release|x64.ActiveCfg = Release|Any CPU
		{D2A78CEE-B278-476F-AF34-A7D6F792F973}.Release|x64.Build.0 = Release|Any CPU
		{D2A78CEE-B278-476F-AF34-A7D6F792F973}.Release|x86.ActiveCfg = Release|Any CPU
		{D2A78CEE-B278-476F-AF34-A7D6F792F973}.Release|x86.Build.0 = Release|Any CPU
		{9E4BA68C-7F4B-429A-A0C7-8CE7D41D610F}.Debug|Any CPU.ActiveCfg = Debug|Any CPU
		{9E4BA68C-7F4B-429A-A0C7-8CE7D41D610F}.Debug|Any CPU.Build.0 = Debug|Any CPU
		{9E4BA68C-7F4B-429A-A0C7-8CE7D41D610F}.Debug|x64.ActiveCfg = Debug|Any CPU
		{9E4BA68C-7F4B-429A-A0C7-8CE7D41D610F}.Debug|x64.Build.0 = Debug|Any CPU
		{9E4BA68C-7F4B-429A-A0C7-8CE7D41D610F}.Debug|x86.ActiveCfg = Debug|Any CPU
		{9E4BA68C-7F4B-429A-A0C7-8CE7D41D610F}.Debug|x86.Build.0 = Debug|Any CPU
		{9E4BA68C-7F4B-429A-A0C7-8CE7D41D610F}.Release|Any CPU.ActiveCfg = Release|Any CPU
		{9E4BA68C-7F4B-429A-A0C7-8CE7D41D610F}.Release|Any CPU.Build.0 = Release|Any CPU
		{9E4BA68C-7F4B-429A-A0C7-8CE7D41D610F}.Release|x64.ActiveCfg = Release|Any CPU
		{9E4BA68C-7F4B-429A-A0C7-8CE7D41D610F}.Release|x64.Build.0 = Release|Any CPU
		{9E4BA68C-7F4B-429A-A0C7-8CE7D41D610F}.Release|x86.ActiveCfg = Release|Any CPU
		{9E4BA68C-7F4B-429A-A0C7-8CE7D41D610F}.Release|x86.Build.0 = Release|Any CPU
		{9571E3FE-E742-44AC-9E1F-64156815B8E1}.Debug|Any CPU.ActiveCfg = Debug|Any CPU
		{9571E3FE-E742-44AC-9E1F-64156815B8E1}.Debug|Any CPU.Build.0 = Debug|Any CPU
		{9571E3FE-E742-44AC-9E1F-64156815B8E1}.Debug|x64.ActiveCfg = Debug|Any CPU
		{9571E3FE-E742-44AC-9E1F-64156815B8E1}.Debug|x64.Build.0 = Debug|Any CPU
		{9571E3FE-E742-44AC-9E1F-64156815B8E1}.Debug|x86.ActiveCfg = Debug|Any CPU
		{9571E3FE-E742-44AC-9E1F-64156815B8E1}.Debug|x86.Build.0 = Debug|Any CPU
		{9571E3FE-E742-44AC-9E1F-64156815B8E1}.Release|Any CPU.ActiveCfg = Release|Any CPU
		{9571E3FE-E742-44AC-9E1F-64156815B8E1}.Release|Any CPU.Build.0 = Release|Any CPU
		{9571E3FE-E742-44AC-9E1F-64156815B8E1}.Release|x64.ActiveCfg = Release|Any CPU
		{9571E3FE-E742-44AC-9E1F-64156815B8E1}.Release|x64.Build.0 = Release|Any CPU
		{9571E3FE-E742-44AC-9E1F-64156815B8E1}.Release|x86.ActiveCfg = Release|Any CPU
		{9571E3FE-E742-44AC-9E1F-64156815B8E1}.Release|x86.Build.0 = Release|Any CPU
	EndGlobalSection
	GlobalSection(SolutionProperties) = preSolution
		HideSolutionNode = FALSE
	EndGlobalSection
	GlobalSection(NestedProjects) = preSolution
		{9485FB0D-D105-4E11-8689-97613144D165} = {35E025BF-BBB2-4FAC-9F4B-37CBA083EE47}
		{A4F5FE6B-D3B4-4B63-A949-44E12AB8D535} = {2C348365-A9D8-459E-9276-56FC46AAEE31}
		{AB5A975C-378B-45DC-AD69-50D808338AC2} = {35E025BF-BBB2-4FAC-9F4B-37CBA083EE47}
		{0C54BE83-EF9E-4419-B654-A0760745BF80} = {2C348365-A9D8-459E-9276-56FC46AAEE31}
		{ED1A82CB-2741-45F5-A28B-7C36EFDF9746} = {2C348365-A9D8-459E-9276-56FC46AAEE31}
		{4F5FC4AF-3977-4ECB-9B58-D16E8024BC97} = {2C348365-A9D8-459E-9276-56FC46AAEE31}
		{9AF025CA-3706-401F-8D50-59FAD5AFE725} = {2C348365-A9D8-459E-9276-56FC46AAEE31}
		{F52F6F60-AB29-414D-A24B-DE8EFFBA34C0} = {2C348365-A9D8-459E-9276-56FC46AAEE31}
		{194A88AE-1429-416B-86C1-BF6F7FF47404} = {35E025BF-BBB2-4FAC-9F4B-37CBA083EE47}
		{2F4B72DA-FC27-4676-8E89-7BAC2EFDF750} = {35E025BF-BBB2-4FAC-9F4B-37CBA083EE47}
		{A1B54CA5-7F82-4487-8150-B4CB3952A2AD} = {2C348365-A9D8-459E-9276-56FC46AAEE31}
		{9459D3EB-9D7F-437E-AC7A-245698B4D62F} = {35E025BF-BBB2-4FAC-9F4B-37CBA083EE47}
		{33A68F57-B234-4481-AEDE-03D51756B35A} = {2C348365-A9D8-459E-9276-56FC46AAEE31}
		{F6195E7B-8002-42AE-BF86-E78DBC769A47} = {35E025BF-BBB2-4FAC-9F4B-37CBA083EE47}
		{0A9BF1CC-2F0D-431C-BAFD-403658E233F1} = {2C348365-A9D8-459E-9276-56FC46AAEE31}
		{1217C534-E8EB-454D-B6E1-12BD30E72F8E} = {35E025BF-BBB2-4FAC-9F4B-37CBA083EE47}
		{D182B870-72E7-4072-A439-45F4FC148A34} = {2C348365-A9D8-459E-9276-56FC46AAEE31}
		{BA0713A6-EF63-419D-B60D-7A84B134531F} = {2C348365-A9D8-459E-9276-56FC46AAEE31}
		{17DAECA3-AE28-4B40-AA52-1EF618346A85} = {35E025BF-BBB2-4FAC-9F4B-37CBA083EE47}
		{BC640CBF-F6E2-42EA-9D61-FB6E515AEA44} = {2C348365-A9D8-459E-9276-56FC46AAEE31}
		{D2A78CEE-B278-476F-AF34-A7D6F792F973} = {2C348365-A9D8-459E-9276-56FC46AAEE31}
		{9E4BA68C-7F4B-429A-A0C7-8CE7D41D610F} = {35E025BF-BBB2-4FAC-9F4B-37CBA083EE47}
		{9571E3FE-E742-44AC-9E1F-64156815B8E1} = {2C348365-A9D8-459E-9276-56FC46AAEE31}
	EndGlobalSection
	GlobalSection(ExtensibilityGlobals) = postSolution
		SolutionGuid = {4DD725CE-B49A-4151-8B77-BB33FE88E46E}
	EndGlobalSection
EndGlobal
