
Microsoft Visual Studio Solution File, Format Version 12.00
# Visual Studio 14
VisualStudioVersion = 14.0.24720.0
MinimumVisualStudioVersion = 10.0.40219.1
Project("{2150E333-8FDC-42A3-9474-1A3956D46DE8}") = "src", "src", "{2C348365-A9D8-459E-9276-56FC46AAEE31}"
EndProject
Project("{2150E333-8FDC-42A3-9474-1A3956D46DE8}") = "Solution Items", "Solution Items", "{07464F68-2D8E-45E5-B30A-768FCF4CC903}"
	ProjectSection(SolutionItems) = preProject
		.editorconfig = .editorconfig
		build.cmd = build.cmd
		build.sh = build.sh
		global.json = global.json
	EndProjectSection
	ProjectSection(FolderGlobals) = preProject
		global_1json__JSONSchema = http://json.schemastore.org/global
	EndProjectSection
EndProject
Project("{2150E333-8FDC-42A3-9474-1A3956D46DE8}") = "tests", "tests", "{35E025BF-BBB2-4FAC-9F4B-37CBA083EE47}"
EndProject
Project("{8BB2217D-0F2D-49D1-97BC-3654ED321F3B}") = "OmniSharp.Tests", "tests\OmniSharp.Tests\OmniSharp.Tests.xproj", "{9485FB0D-D105-4E11-8689-97613144D165}"
EndProject
Project("{8BB2217D-0F2D-49D1-97BC-3654ED321F3B}") = "OmniSharp.Stdio", "src\OmniSharp.Stdio\OmniSharp.Stdio.xproj", "{A4F5FE6B-D3B4-4B63-A949-44E12AB8D535}"
EndProject
Project("{8BB2217D-0F2D-49D1-97BC-3654ED321F3B}") = "OmniSharp.Stdio.Tests", "tests\OmniSharp.Stdio.Tests\OmniSharp.Stdio.Tests.xproj", "{AB5A975C-378B-45DC-AD69-50D808338AC2}"
EndProject
Project("{8BB2217D-0F2D-49D1-97BC-3654ED321F3B}") = "OmniSharp.Abstractions", "src\OmniSharp.Abstractions\OmniSharp.Abstractions.xproj", "{0C54BE83-EF9E-4419-B654-A0760745BF80}"
EndProject
Project("{8BB2217D-0F2D-49D1-97BC-3654ED321F3B}") = "OmniSharp.Dnx", "src\OmniSharp.Dnx\OmniSharp.Dnx.xproj", "{9866104F-E8B2-4BD1-B522-E79653FECFC2}"
EndProject
Project("{8BB2217D-0F2D-49D1-97BC-3654ED321F3B}") = "OmniSharp.Nuget", "src\OmniSharp.Nuget\OmniSharp.Nuget.xproj", "{AF01C2BD-58CD-4E19-869F-5B9B8E9BA981}"
EndProject
Project("{8BB2217D-0F2D-49D1-97BC-3654ED321F3B}") = "OmniSharp.Plugins", "src\OmniSharp.Plugins\OmniSharp.Plugins.xproj", "{1C9AE254-6076-4EE6-80FD-B0AE4E16347D}"
EndProject
Project("{8BB2217D-0F2D-49D1-97BC-3654ED321F3B}") = "OmniSharp.Roslyn.CSharp", "src\OmniSharp.Roslyn.CSharp\OmniSharp.Roslyn.CSharp.xproj", "{ED1A82CB-2741-45F5-A28B-7C36EFDF9746}"
EndProject
Project("{8BB2217D-0F2D-49D1-97BC-3654ED321F3B}") = "OmniSharp.Roslyn", "src\OmniSharp.Roslyn\OmniSharp.Roslyn.xproj", "{4F5FC4AF-3977-4ECB-9B58-D16E8024BC97}"
EndProject
Project("{8BB2217D-0F2D-49D1-97BC-3654ED321F3B}") = "OmniSharp.MSBuild", "src\OmniSharp.MSBuild\OmniSharp.MSBuild.xproj", "{9AF025CA-3706-401F-8D50-59FAD5AFE725}"
EndProject
Project("{8BB2217D-0F2D-49D1-97BC-3654ED321F3B}") = "OmniSharp.ScriptCs", "src\OmniSharp.ScriptCs\OmniSharp.ScriptCs.xproj", "{F52F6F60-AB29-414D-A24B-DE8EFFBA34C0}"
EndProject
Project("{8BB2217D-0F2D-49D1-97BC-3654ED321F3B}") = "OmniSharp", "src\OmniSharp.Host\OmniSharp.xproj", "{127F86A9-DAE8-4510-BDEE-6F3DE8C9545A}"
EndProject
Project("{8BB2217D-0F2D-49D1-97BC-3654ED321F3B}") = "OmniSharp.Bootstrap", "src\OmniSharp.Bootstrap\OmniSharp.Bootstrap.xproj", "{664A740A-D0E1-4E1E-B4C9-CAD5236FA3CA}"
EndProject
Project("{8BB2217D-0F2D-49D1-97BC-3654ED321F3B}") = "OmniSharp.Bootstrap.Tests", "tests\OmniSharp.Bootstrap.Tests\OmniSharp.Bootstrap.Tests.xproj", "{690F50E5-49AC-4F3B-9D0C-52FA68C77F52}"
EndProject
Project("{8BB2217D-0F2D-49D1-97BC-3654ED321F3B}") = "OmniSharp.Dnx.Tests", "tests\OmniSharp.Dnx.Tests\OmniSharp.Dnx.Tests.xproj", "{C3AB0A0C-D850-40AF-874D-805C5948FE25}"
EndProject
Project("{8BB2217D-0F2D-49D1-97BC-3654ED321F3B}") = "OmniSharp.MSBuild.Tests", "tests\OmniSharp.MSBuild.Tests\OmniSharp.MSBuild.Tests.xproj", "{194A88AE-1429-416B-86C1-BF6F7FF47404}"
EndProject
Project("{8BB2217D-0F2D-49D1-97BC-3654ED321F3B}") = "OmniSharp.Plugins.Tests", "tests\OmniSharp.Plugins.Tests\OmniSharp.Plugins.Tests.xproj", "{6F106525-6FB0-4D42-9508-89E49AF82670}"
EndProject
Project("{8BB2217D-0F2D-49D1-97BC-3654ED321F3B}") = "OmniSharp.ScriptCs.Tests", "tests\OmniSharp.ScriptCs.Tests\OmniSharp.ScriptCs.Tests.xproj", "{D8A703BC-F968-4533-9943-2786B64BEC26}"
EndProject
Project("{8BB2217D-0F2D-49D1-97BC-3654ED321F3B}") = "OmniSharp.Roslyn.CSharp.Tests", "tests\OmniSharp.Roslyn.CSharp.Tests\OmniSharp.Roslyn.CSharp.Tests.xproj", "{2F4B72DA-FC27-4676-8E89-7BAC2EFDF750}"
EndProject
Global
	GlobalSection(SolutionConfigurationPlatforms) = preSolution
		Debug|Any CPU = Debug|Any CPU
		Release|Any CPU = Release|Any CPU
	EndGlobalSection
	GlobalSection(ProjectConfigurationPlatforms) = postSolution
		{9485FB0D-D105-4E11-8689-97613144D165}.Debug|Any CPU.ActiveCfg = Debug|Any CPU
		{9485FB0D-D105-4E11-8689-97613144D165}.Debug|Any CPU.Build.0 = Debug|Any CPU
		{9485FB0D-D105-4E11-8689-97613144D165}.Release|Any CPU.ActiveCfg = Release|Any CPU
		{9485FB0D-D105-4E11-8689-97613144D165}.Release|Any CPU.Build.0 = Release|Any CPU
		{A4F5FE6B-D3B4-4B63-A949-44E12AB8D535}.Debug|Any CPU.ActiveCfg = Debug|Any CPU
		{A4F5FE6B-D3B4-4B63-A949-44E12AB8D535}.Debug|Any CPU.Build.0 = Debug|Any CPU
		{A4F5FE6B-D3B4-4B63-A949-44E12AB8D535}.Release|Any CPU.ActiveCfg = Release|Any CPU
		{A4F5FE6B-D3B4-4B63-A949-44E12AB8D535}.Release|Any CPU.Build.0 = Release|Any CPU
		{AB5A975C-378B-45DC-AD69-50D808338AC2}.Debug|Any CPU.ActiveCfg = Debug|Any CPU
		{AB5A975C-378B-45DC-AD69-50D808338AC2}.Debug|Any CPU.Build.0 = Debug|Any CPU
		{AB5A975C-378B-45DC-AD69-50D808338AC2}.Release|Any CPU.ActiveCfg = Release|Any CPU
		{AB5A975C-378B-45DC-AD69-50D808338AC2}.Release|Any CPU.Build.0 = Release|Any CPU
		{0C54BE83-EF9E-4419-B654-A0760745BF80}.Debug|Any CPU.ActiveCfg = Debug|Any CPU
		{0C54BE83-EF9E-4419-B654-A0760745BF80}.Debug|Any CPU.Build.0 = Debug|Any CPU
		{0C54BE83-EF9E-4419-B654-A0760745BF80}.Release|Any CPU.ActiveCfg = Release|Any CPU
		{0C54BE83-EF9E-4419-B654-A0760745BF80}.Release|Any CPU.Build.0 = Release|Any CPU
		{9866104F-E8B2-4BD1-B522-E79653FECFC2}.Debug|Any CPU.ActiveCfg = Debug|Any CPU
		{9866104F-E8B2-4BD1-B522-E79653FECFC2}.Debug|Any CPU.Build.0 = Debug|Any CPU
		{9866104F-E8B2-4BD1-B522-E79653FECFC2}.Release|Any CPU.ActiveCfg = Release|Any CPU
		{9866104F-E8B2-4BD1-B522-E79653FECFC2}.Release|Any CPU.Build.0 = Release|Any CPU
		{AF01C2BD-58CD-4E19-869F-5B9B8E9BA981}.Debug|Any CPU.ActiveCfg = Debug|Any CPU
		{AF01C2BD-58CD-4E19-869F-5B9B8E9BA981}.Debug|Any CPU.Build.0 = Debug|Any CPU
		{AF01C2BD-58CD-4E19-869F-5B9B8E9BA981}.Release|Any CPU.ActiveCfg = Release|Any CPU
		{AF01C2BD-58CD-4E19-869F-5B9B8E9BA981}.Release|Any CPU.Build.0 = Release|Any CPU
		{1C9AE254-6076-4EE6-80FD-B0AE4E16347D}.Debug|Any CPU.ActiveCfg = Debug|Any CPU
		{1C9AE254-6076-4EE6-80FD-B0AE4E16347D}.Debug|Any CPU.Build.0 = Debug|Any CPU
		{1C9AE254-6076-4EE6-80FD-B0AE4E16347D}.Release|Any CPU.ActiveCfg = Release|Any CPU
		{1C9AE254-6076-4EE6-80FD-B0AE4E16347D}.Release|Any CPU.Build.0 = Release|Any CPU
		{ED1A82CB-2741-45F5-A28B-7C36EFDF9746}.Debug|Any CPU.ActiveCfg = Debug|Any CPU
		{ED1A82CB-2741-45F5-A28B-7C36EFDF9746}.Debug|Any CPU.Build.0 = Debug|Any CPU
		{ED1A82CB-2741-45F5-A28B-7C36EFDF9746}.Release|Any CPU.ActiveCfg = Release|Any CPU
		{ED1A82CB-2741-45F5-A28B-7C36EFDF9746}.Release|Any CPU.Build.0 = Release|Any CPU
		{4F5FC4AF-3977-4ECB-9B58-D16E8024BC97}.Debug|Any CPU.ActiveCfg = Debug|Any CPU
		{4F5FC4AF-3977-4ECB-9B58-D16E8024BC97}.Debug|Any CPU.Build.0 = Debug|Any CPU
		{4F5FC4AF-3977-4ECB-9B58-D16E8024BC97}.Release|Any CPU.ActiveCfg = Release|Any CPU
		{4F5FC4AF-3977-4ECB-9B58-D16E8024BC97}.Release|Any CPU.Build.0 = Release|Any CPU
		{9AF025CA-3706-401F-8D50-59FAD5AFE725}.Debug|Any CPU.ActiveCfg = Debug|Any CPU
		{9AF025CA-3706-401F-8D50-59FAD5AFE725}.Debug|Any CPU.Build.0 = Debug|Any CPU
		{9AF025CA-3706-401F-8D50-59FAD5AFE725}.Release|Any CPU.ActiveCfg = Release|Any CPU
		{9AF025CA-3706-401F-8D50-59FAD5AFE725}.Release|Any CPU.Build.0 = Release|Any CPU
		{F52F6F60-AB29-414D-A24B-DE8EFFBA34C0}.Debug|Any CPU.ActiveCfg = Debug|Any CPU
		{F52F6F60-AB29-414D-A24B-DE8EFFBA34C0}.Debug|Any CPU.Build.0 = Debug|Any CPU
		{F52F6F60-AB29-414D-A24B-DE8EFFBA34C0}.Release|Any CPU.ActiveCfg = Release|Any CPU
		{F52F6F60-AB29-414D-A24B-DE8EFFBA34C0}.Release|Any CPU.Build.0 = Release|Any CPU
		{127F86A9-DAE8-4510-BDEE-6F3DE8C9545A}.Debug|Any CPU.ActiveCfg = Debug|Any CPU
		{127F86A9-DAE8-4510-BDEE-6F3DE8C9545A}.Debug|Any CPU.Build.0 = Debug|Any CPU
		{127F86A9-DAE8-4510-BDEE-6F3DE8C9545A}.Release|Any CPU.ActiveCfg = Release|Any CPU
		{127F86A9-DAE8-4510-BDEE-6F3DE8C9545A}.Release|Any CPU.Build.0 = Release|Any CPU
		{664A740A-D0E1-4E1E-B4C9-CAD5236FA3CA}.Debug|Any CPU.ActiveCfg = Debug|Any CPU
		{664A740A-D0E1-4E1E-B4C9-CAD5236FA3CA}.Debug|Any CPU.Build.0 = Debug|Any CPU
		{664A740A-D0E1-4E1E-B4C9-CAD5236FA3CA}.Release|Any CPU.ActiveCfg = Release|Any CPU
		{664A740A-D0E1-4E1E-B4C9-CAD5236FA3CA}.Release|Any CPU.Build.0 = Release|Any CPU
		{690F50E5-49AC-4F3B-9D0C-52FA68C77F52}.Debug|Any CPU.ActiveCfg = Debug|Any CPU
		{690F50E5-49AC-4F3B-9D0C-52FA68C77F52}.Debug|Any CPU.Build.0 = Debug|Any CPU
		{690F50E5-49AC-4F3B-9D0C-52FA68C77F52}.Release|Any CPU.ActiveCfg = Release|Any CPU
		{690F50E5-49AC-4F3B-9D0C-52FA68C77F52}.Release|Any CPU.Build.0 = Release|Any CPU
		{C3AB0A0C-D850-40AF-874D-805C5948FE25}.Debug|Any CPU.ActiveCfg = Debug|Any CPU
		{C3AB0A0C-D850-40AF-874D-805C5948FE25}.Debug|Any CPU.Build.0 = Debug|Any CPU
		{C3AB0A0C-D850-40AF-874D-805C5948FE25}.Release|Any CPU.ActiveCfg = Release|Any CPU
		{C3AB0A0C-D850-40AF-874D-805C5948FE25}.Release|Any CPU.Build.0 = Release|Any CPU
		{194A88AE-1429-416B-86C1-BF6F7FF47404}.Debug|Any CPU.ActiveCfg = Debug|Any CPU
		{194A88AE-1429-416B-86C1-BF6F7FF47404}.Debug|Any CPU.Build.0 = Debug|Any CPU
		{194A88AE-1429-416B-86C1-BF6F7FF47404}.Release|Any CPU.ActiveCfg = Release|Any CPU
		{194A88AE-1429-416B-86C1-BF6F7FF47404}.Release|Any CPU.Build.0 = Release|Any CPU
		{6F106525-6FB0-4D42-9508-89E49AF82670}.Debug|Any CPU.ActiveCfg = Debug|Any CPU
		{6F106525-6FB0-4D42-9508-89E49AF82670}.Debug|Any CPU.Build.0 = Debug|Any CPU
		{6F106525-6FB0-4D42-9508-89E49AF82670}.Release|Any CPU.ActiveCfg = Release|Any CPU
		{6F106525-6FB0-4D42-9508-89E49AF82670}.Release|Any CPU.Build.0 = Release|Any CPU
		{D8A703BC-F968-4533-9943-2786B64BEC26}.Debug|Any CPU.ActiveCfg = Debug|Any CPU
		{D8A703BC-F968-4533-9943-2786B64BEC26}.Debug|Any CPU.Build.0 = Debug|Any CPU
		{D8A703BC-F968-4533-9943-2786B64BEC26}.Release|Any CPU.ActiveCfg = Release|Any CPU
		{D8A703BC-F968-4533-9943-2786B64BEC26}.Release|Any CPU.Build.0 = Release|Any CPU
		{2F4B72DA-FC27-4676-8E89-7BAC2EFDF750}.Debug|Any CPU.ActiveCfg = Debug|Any CPU
		{2F4B72DA-FC27-4676-8E89-7BAC2EFDF750}.Debug|Any CPU.Build.0 = Debug|Any CPU
		{2F4B72DA-FC27-4676-8E89-7BAC2EFDF750}.Release|Any CPU.ActiveCfg = Release|Any CPU
		{2F4B72DA-FC27-4676-8E89-7BAC2EFDF750}.Release|Any CPU.Build.0 = Release|Any CPU
	EndGlobalSection
	GlobalSection(SolutionProperties) = preSolution
		HideSolutionNode = FALSE
	EndGlobalSection
	GlobalSection(NestedProjects) = preSolution
		{9485FB0D-D105-4E11-8689-97613144D165} = {35E025BF-BBB2-4FAC-9F4B-37CBA083EE47}
		{A4F5FE6B-D3B4-4B63-A949-44E12AB8D535} = {2C348365-A9D8-459E-9276-56FC46AAEE31}
		{AB5A975C-378B-45DC-AD69-50D808338AC2} = {35E025BF-BBB2-4FAC-9F4B-37CBA083EE47}
		{0C54BE83-EF9E-4419-B654-A0760745BF80} = {2C348365-A9D8-459E-9276-56FC46AAEE31}
		{9866104F-E8B2-4BD1-B522-E79653FECFC2} = {2C348365-A9D8-459E-9276-56FC46AAEE31}
		{AF01C2BD-58CD-4E19-869F-5B9B8E9BA981} = {2C348365-A9D8-459E-9276-56FC46AAEE31}
		{1C9AE254-6076-4EE6-80FD-B0AE4E16347D} = {2C348365-A9D8-459E-9276-56FC46AAEE31}
		{ED1A82CB-2741-45F5-A28B-7C36EFDF9746} = {2C348365-A9D8-459E-9276-56FC46AAEE31}
		{4F5FC4AF-3977-4ECB-9B58-D16E8024BC97} = {2C348365-A9D8-459E-9276-56FC46AAEE31}
		{9AF025CA-3706-401F-8D50-59FAD5AFE725} = {2C348365-A9D8-459E-9276-56FC46AAEE31}
		{F52F6F60-AB29-414D-A24B-DE8EFFBA34C0} = {2C348365-A9D8-459E-9276-56FC46AAEE31}
		{127F86A9-DAE8-4510-BDEE-6F3DE8C9545A} = {2C348365-A9D8-459E-9276-56FC46AAEE31}
		{664A740A-D0E1-4E1E-B4C9-CAD5236FA3CA} = {2C348365-A9D8-459E-9276-56FC46AAEE31}
		{690F50E5-49AC-4F3B-9D0C-52FA68C77F52} = {35E025BF-BBB2-4FAC-9F4B-37CBA083EE47}
		{C3AB0A0C-D850-40AF-874D-805C5948FE25} = {35E025BF-BBB2-4FAC-9F4B-37CBA083EE47}
		{194A88AE-1429-416B-86C1-BF6F7FF47404} = {35E025BF-BBB2-4FAC-9F4B-37CBA083EE47}
		{6F106525-6FB0-4D42-9508-89E49AF82670} = {35E025BF-BBB2-4FAC-9F4B-37CBA083EE47}
		{D8A703BC-F968-4533-9943-2786B64BEC26} = {35E025BF-BBB2-4FAC-9F4B-37CBA083EE47}
		{2F4B72DA-FC27-4676-8E89-7BAC2EFDF750} = {35E025BF-BBB2-4FAC-9F4B-37CBA083EE47}
	EndGlobalSection
EndGlobal
