Microsoft Visual Studio Solution File, Format Version 12.00
# Visual Studio 15
VisualStudioVersion = 15.0.26228.4
MinimumVisualStudioVersion = 10.0.40219.1
Project("{2150E333-8FDC-42A3-9474-1A3956D46DE8}") = "src", "src", "{2C348365-A9D8-459E-9276-56FC46AAEE31}"
EndProject
Project("{2150E333-8FDC-42A3-9474-1A3956D46DE8}") = "Solution Items", "Solution Items", "{07464F68-2D8E-45E5-B30A-768FCF4CC903}"
	ProjectSection(SolutionItems) = preProject
		.editorconfig = .editorconfig
		tests\app.config = tests\app.config
		build.cake = build.cake
		build.cmd = build.cmd
		build.json = build.json
		build.sh = build.sh
		global.json = global.json
		NuGet.Config = NuGet.Config
		tools\packages.config = tools\packages.config
	EndProjectSection
	ProjectSection(FolderGlobals) = preProject
		global_1json__JSONSchema = http://json.schemastore.org/global
	EndProjectSection
EndProject
Project("{2150E333-8FDC-42A3-9474-1A3956D46DE8}") = "tests", "tests", "{35E025BF-BBB2-4FAC-9F4B-37CBA083EE47}"
EndProject
Project("{9A19103F-16F7-4668-BE54-9A1E7A4F7556}") = "OmniSharp.Tests", "tests\OmniSharp.Tests\OmniSharp.Tests.csproj", "{9485FB0D-D105-4E11-8689-97613144D165}"
EndProject
Project("{9A19103F-16F7-4668-BE54-9A1E7A4F7556}") = "OmniSharp.Stdio", "src\OmniSharp.Stdio\OmniSharp.Stdio.csproj", "{A4F5FE6B-D3B4-4B63-A949-44E12AB8D535}"
EndProject
Project("{9A19103F-16F7-4668-BE54-9A1E7A4F7556}") = "OmniSharp.Stdio.Tests", "tests\OmniSharp.Stdio.Tests\OmniSharp.Stdio.Tests.csproj", "{AB5A975C-378B-45DC-AD69-50D808338AC2}"
EndProject
Project("{9A19103F-16F7-4668-BE54-9A1E7A4F7556}") = "OmniSharp.Abstractions", "src\OmniSharp.Abstractions\OmniSharp.Abstractions.csproj", "{0C54BE83-EF9E-4419-B654-A0760745BF80}"
EndProject
Project("{9A19103F-16F7-4668-BE54-9A1E7A4F7556}") = "OmniSharp.Nuget", "src\OmniSharp.Nuget\OmniSharp.Nuget.csproj", "{AF01C2BD-58CD-4E19-869F-5B9B8E9BA981}"
EndProject
Project("{9A19103F-16F7-4668-BE54-9A1E7A4F7556}") = "OmniSharp.Plugins", "src\OmniSharp.Plugins\OmniSharp.Plugins.csproj", "{1C9AE254-6076-4EE6-80FD-B0AE4E16347D}"
EndProject
Project("{9A19103F-16F7-4668-BE54-9A1E7A4F7556}") = "OmniSharp.Roslyn.CSharp", "src\OmniSharp.Roslyn.CSharp\OmniSharp.Roslyn.CSharp.csproj", "{ED1A82CB-2741-45F5-A28B-7C36EFDF9746}"
EndProject
Project("{9A19103F-16F7-4668-BE54-9A1E7A4F7556}") = "OmniSharp.Roslyn", "src\OmniSharp.Roslyn\OmniSharp.Roslyn.csproj", "{4F5FC4AF-3977-4ECB-9B58-D16E8024BC97}"
EndProject
Project("{9A19103F-16F7-4668-BE54-9A1E7A4F7556}") = "OmniSharp.MSBuild", "src\OmniSharp.MSBuild\OmniSharp.MSBuild.csproj", "{9AF025CA-3706-401F-8D50-59FAD5AFE725}"
EndProject
Project("{9A19103F-16F7-4668-BE54-9A1E7A4F7556}") = "OmniSharp.Script", "src\OmniSharp.Script\OmniSharp.Script.csproj", "{F52F6F60-AB29-414D-A24B-DE8EFFBA34C0}"
EndProject
Project("{9A19103F-16F7-4668-BE54-9A1E7A4F7556}") = "OmniSharp.MSBuild.Tests", "tests\OmniSharp.MSBuild.Tests\OmniSharp.MSBuild.Tests.csproj", "{194A88AE-1429-416B-86C1-BF6F7FF47404}"
EndProject
Project("{9A19103F-16F7-4668-BE54-9A1E7A4F7556}") = "OmniSharp.Roslyn.CSharp.Tests", "tests\OmniSharp.Roslyn.CSharp.Tests\OmniSharp.Roslyn.CSharp.Tests.csproj", "{2F4B72DA-FC27-4676-8E89-7BAC2EFDF750}"
EndProject
Project("{9A19103F-16F7-4668-BE54-9A1E7A4F7556}") = "OmniSharp.Host", "src\OmniSharp.Host\OmniSharp.Host.csproj", "{A1B54CA5-7F82-4487-8150-B4CB3952A2AD}"
EndProject
Project("{9A19103F-16F7-4668-BE54-9A1E7A4F7556}") = "OmniSharp", "src\OmniSharp\OmniSharp.csproj", "{CD970E2E-CEC1-454D-AC7E-23D0000DCC94}"
EndProject
Project("{9A19103F-16F7-4668-BE54-9A1E7A4F7556}") = "OmniSharp.DotNet", "src\OmniSharp.DotNet\OmniSharp.DotNet.csproj", "{07CDB87A-6906-4B04-9622-164FE04A3F9A}"
EndProject
Project("{9A19103F-16F7-4668-BE54-9A1E7A4F7556}") = "TestUtility", "tests\TestUtility\TestUtility.csproj", "{9459D3EB-9D7F-437E-AC7A-245698B4D62F}"
EndProject
Project("{9A19103F-16F7-4668-BE54-9A1E7A4F7556}") = "OmniSharp.DotNetTest", "src\OmniSharp.DotNetTest\OmniSharp.DotNetTest.csproj", "{33A68F57-B234-4481-AEDE-03D51756B35A}"
EndProject
Project("{9A19103F-16F7-4668-BE54-9A1E7A4F7556}") = "OmniSharp.DotNetTest.Tests", "tests\OmniSharp.DotNetTest.Tests\OmniSharp.DotNetTest.Tests.csproj", "{F6195E7B-8002-42AE-BF86-E78DBC769A47}"
EndProject
Project("{9A19103F-16F7-4668-BE54-9A1E7A4F7556}") = "OmniSharp.DotNet.Tests", "tests\OmniSharp.DotNet.Tests\OmniSharp.DotNet.Tests.csproj", "{A645D475-3448-4473-88CA-E3C3B31E33CA}"
EndProject
Global
	GlobalSection(SolutionConfigurationPlatforms) = preSolution
		Debug|x86 = Debug|x86
		Release|x86 = Release|x86
	EndGlobalSection
	GlobalSection(ProjectConfigurationPlatforms) = postSolution
		{9485FB0D-D105-4E11-8689-97613144D165}.Debug|x86.ActiveCfg = Debug|Any CPU
		{9485FB0D-D105-4E11-8689-97613144D165}.Debug|x86.Build.0 = Debug|Any CPU
		{9485FB0D-D105-4E11-8689-97613144D165}.Release|x86.ActiveCfg = Release|Any CPU
		{9485FB0D-D105-4E11-8689-97613144D165}.Release|x86.Build.0 = Release|Any CPU
		{A4F5FE6B-D3B4-4B63-A949-44E12AB8D535}.Debug|x86.ActiveCfg = Debug|Any CPU
		{A4F5FE6B-D3B4-4B63-A949-44E12AB8D535}.Debug|x86.Build.0 = Debug|Any CPU
		{A4F5FE6B-D3B4-4B63-A949-44E12AB8D535}.Release|x86.ActiveCfg = Release|Any CPU
		{A4F5FE6B-D3B4-4B63-A949-44E12AB8D535}.Release|x86.Build.0 = Release|Any CPU
		{AB5A975C-378B-45DC-AD69-50D808338AC2}.Debug|x86.ActiveCfg = Debug|Any CPU
		{AB5A975C-378B-45DC-AD69-50D808338AC2}.Debug|x86.Build.0 = Debug|Any CPU
		{AB5A975C-378B-45DC-AD69-50D808338AC2}.Release|x86.ActiveCfg = Release|Any CPU
		{AB5A975C-378B-45DC-AD69-50D808338AC2}.Release|x86.Build.0 = Release|Any CPU
		{0C54BE83-EF9E-4419-B654-A0760745BF80}.Debug|x86.ActiveCfg = Debug|Any CPU
		{0C54BE83-EF9E-4419-B654-A0760745BF80}.Debug|x86.Build.0 = Debug|Any CPU
		{0C54BE83-EF9E-4419-B654-A0760745BF80}.Release|x86.ActiveCfg = Release|Any CPU
		{0C54BE83-EF9E-4419-B654-A0760745BF80}.Release|x86.Build.0 = Release|Any CPU
		{AF01C2BD-58CD-4E19-869F-5B9B8E9BA981}.Debug|x86.ActiveCfg = Debug|Any CPU
		{AF01C2BD-58CD-4E19-869F-5B9B8E9BA981}.Debug|x86.Build.0 = Debug|Any CPU
		{AF01C2BD-58CD-4E19-869F-5B9B8E9BA981}.Release|x86.ActiveCfg = Release|Any CPU
		{AF01C2BD-58CD-4E19-869F-5B9B8E9BA981}.Release|x86.Build.0 = Release|Any CPU
		{1C9AE254-6076-4EE6-80FD-B0AE4E16347D}.Debug|x86.ActiveCfg = Debug|Any CPU
		{1C9AE254-6076-4EE6-80FD-B0AE4E16347D}.Debug|x86.Build.0 = Debug|Any CPU
		{1C9AE254-6076-4EE6-80FD-B0AE4E16347D}.Release|x86.ActiveCfg = Release|Any CPU
		{1C9AE254-6076-4EE6-80FD-B0AE4E16347D}.Release|x86.Build.0 = Release|Any CPU
		{ED1A82CB-2741-45F5-A28B-7C36EFDF9746}.Debug|x86.ActiveCfg = Debug|Any CPU
		{ED1A82CB-2741-45F5-A28B-7C36EFDF9746}.Debug|x86.Build.0 = Debug|Any CPU
		{ED1A82CB-2741-45F5-A28B-7C36EFDF9746}.Release|x86.ActiveCfg = Release|Any CPU
		{ED1A82CB-2741-45F5-A28B-7C36EFDF9746}.Release|x86.Build.0 = Release|Any CPU
		{4F5FC4AF-3977-4ECB-9B58-D16E8024BC97}.Debug|x86.ActiveCfg = Debug|Any CPU
		{4F5FC4AF-3977-4ECB-9B58-D16E8024BC97}.Debug|x86.Build.0 = Debug|Any CPU
		{4F5FC4AF-3977-4ECB-9B58-D16E8024BC97}.Release|x86.ActiveCfg = Release|Any CPU
		{4F5FC4AF-3977-4ECB-9B58-D16E8024BC97}.Release|x86.Build.0 = Release|Any CPU
		{9AF025CA-3706-401F-8D50-59FAD5AFE725}.Debug|x86.ActiveCfg = Debug|Any CPU
		{9AF025CA-3706-401F-8D50-59FAD5AFE725}.Debug|x86.Build.0 = Debug|Any CPU
		{9AF025CA-3706-401F-8D50-59FAD5AFE725}.Release|x86.ActiveCfg = Release|Any CPU
		{9AF025CA-3706-401F-8D50-59FAD5AFE725}.Release|x86.Build.0 = Release|Any CPU
		{F52F6F60-AB29-414D-A24B-DE8EFFBA34C0}.Debug|x86.ActiveCfg = Debug|Any CPU
		{F52F6F60-AB29-414D-A24B-DE8EFFBA34C0}.Debug|x86.Build.0 = Debug|Any CPU
		{F52F6F60-AB29-414D-A24B-DE8EFFBA34C0}.Release|x86.ActiveCfg = Release|Any CPU
		{F52F6F60-AB29-414D-A24B-DE8EFFBA34C0}.Release|x86.Build.0 = Release|Any CPU
		{194A88AE-1429-416B-86C1-BF6F7FF47404}.Debug|x86.ActiveCfg = Debug|Any CPU
		{194A88AE-1429-416B-86C1-BF6F7FF47404}.Debug|x86.Build.0 = Debug|Any CPU
		{194A88AE-1429-416B-86C1-BF6F7FF47404}.Release|x86.ActiveCfg = Release|Any CPU
		{194A88AE-1429-416B-86C1-BF6F7FF47404}.Release|x86.Build.0 = Release|Any CPU
		{2F4B72DA-FC27-4676-8E89-7BAC2EFDF750}.Debug|x86.ActiveCfg = Debug|Any CPU
		{2F4B72DA-FC27-4676-8E89-7BAC2EFDF750}.Debug|x86.Build.0 = Debug|Any CPU
		{2F4B72DA-FC27-4676-8E89-7BAC2EFDF750}.Release|x86.ActiveCfg = Release|Any CPU
		{2F4B72DA-FC27-4676-8E89-7BAC2EFDF750}.Release|x86.Build.0 = Release|Any CPU
		{A1B54CA5-7F82-4487-8150-B4CB3952A2AD}.Debug|x86.ActiveCfg = Debug|Any CPU
		{A1B54CA5-7F82-4487-8150-B4CB3952A2AD}.Debug|x86.Build.0 = Debug|Any CPU
		{A1B54CA5-7F82-4487-8150-B4CB3952A2AD}.Release|x86.ActiveCfg = Release|Any CPU
		{A1B54CA5-7F82-4487-8150-B4CB3952A2AD}.Release|x86.Build.0 = Release|Any CPU
		{CD970E2E-CEC1-454D-AC7E-23D0000DCC94}.Debug|x86.ActiveCfg = Debug|Any CPU
		{CD970E2E-CEC1-454D-AC7E-23D0000DCC94}.Debug|x86.Build.0 = Debug|Any CPU
		{CD970E2E-CEC1-454D-AC7E-23D0000DCC94}.Release|x86.ActiveCfg = Release|Any CPU
		{CD970E2E-CEC1-454D-AC7E-23D0000DCC94}.Release|x86.Build.0 = Release|Any CPU
		{07CDB87A-6906-4B04-9622-164FE04A3F9A}.Debug|x86.ActiveCfg = Debug|Any CPU
		{07CDB87A-6906-4B04-9622-164FE04A3F9A}.Debug|x86.Build.0 = Debug|Any CPU
		{07CDB87A-6906-4B04-9622-164FE04A3F9A}.Release|x86.ActiveCfg = Release|Any CPU
		{07CDB87A-6906-4B04-9622-164FE04A3F9A}.Release|x86.Build.0 = Release|Any CPU
		{9459D3EB-9D7F-437E-AC7A-245698B4D62F}.Debug|x86.ActiveCfg = Debug|Any CPU
		{9459D3EB-9D7F-437E-AC7A-245698B4D62F}.Debug|x86.Build.0 = Debug|Any CPU
		{9459D3EB-9D7F-437E-AC7A-245698B4D62F}.Release|x86.ActiveCfg = Release|Any CPU
		{9459D3EB-9D7F-437E-AC7A-245698B4D62F}.Release|x86.Build.0 = Release|Any CPU
		{33A68F57-B234-4481-AEDE-03D51756B35A}.Debug|x86.ActiveCfg = Debug|Any CPU
		{33A68F57-B234-4481-AEDE-03D51756B35A}.Debug|x86.Build.0 = Debug|Any CPU
		{33A68F57-B234-4481-AEDE-03D51756B35A}.Release|x86.ActiveCfg = Release|Any CPU
		{33A68F57-B234-4481-AEDE-03D51756B35A}.Release|x86.Build.0 = Release|Any CPU
		{F6195E7B-8002-42AE-BF86-E78DBC769A47}.Debug|x86.ActiveCfg = Debug|Any CPU
		{F6195E7B-8002-42AE-BF86-E78DBC769A47}.Debug|x86.Build.0 = Debug|Any CPU
		{F6195E7B-8002-42AE-BF86-E78DBC769A47}.Release|x86.ActiveCfg = Release|Any CPU
		{F6195E7B-8002-42AE-BF86-E78DBC769A47}.Release|x86.Build.0 = Release|Any CPU
		{A645D475-3448-4473-88CA-E3C3B31E33CA}.Debug|x86.ActiveCfg = Debug|Any CPU
		{A645D475-3448-4473-88CA-E3C3B31E33CA}.Debug|x86.Build.0 = Debug|Any CPU
		{A645D475-3448-4473-88CA-E3C3B31E33CA}.Release|x86.ActiveCfg = Release|Any CPU
		{A645D475-3448-4473-88CA-E3C3B31E33CA}.Release|x86.Build.0 = Release|Any CPU
	EndGlobalSection
	GlobalSection(SolutionProperties) = preSolution
		HideSolutionNode = FALSE
	EndGlobalSection
	GlobalSection(NestedProjects) = preSolution
		{9485FB0D-D105-4E11-8689-97613144D165} = {35E025BF-BBB2-4FAC-9F4B-37CBA083EE47}
		{A4F5FE6B-D3B4-4B63-A949-44E12AB8D535} = {2C348365-A9D8-459E-9276-56FC46AAEE31}
		{AB5A975C-378B-45DC-AD69-50D808338AC2} = {35E025BF-BBB2-4FAC-9F4B-37CBA083EE47}
		{0C54BE83-EF9E-4419-B654-A0760745BF80} = {2C348365-A9D8-459E-9276-56FC46AAEE31}
		{AF01C2BD-58CD-4E19-869F-5B9B8E9BA981} = {2C348365-A9D8-459E-9276-56FC46AAEE31}
		{1C9AE254-6076-4EE6-80FD-B0AE4E16347D} = {2C348365-A9D8-459E-9276-56FC46AAEE31}
		{ED1A82CB-2741-45F5-A28B-7C36EFDF9746} = {2C348365-A9D8-459E-9276-56FC46AAEE31}
		{4F5FC4AF-3977-4ECB-9B58-D16E8024BC97} = {2C348365-A9D8-459E-9276-56FC46AAEE31}
		{9AF025CA-3706-401F-8D50-59FAD5AFE725} = {2C348365-A9D8-459E-9276-56FC46AAEE31}
		{F52F6F60-AB29-414D-A24B-DE8EFFBA34C0} = {2C348365-A9D8-459E-9276-56FC46AAEE31}
		{194A88AE-1429-416B-86C1-BF6F7FF47404} = {35E025BF-BBB2-4FAC-9F4B-37CBA083EE47}
		{2F4B72DA-FC27-4676-8E89-7BAC2EFDF750} = {35E025BF-BBB2-4FAC-9F4B-37CBA083EE47}
		{A1B54CA5-7F82-4487-8150-B4CB3952A2AD} = {2C348365-A9D8-459E-9276-56FC46AAEE31}
		{CD970E2E-CEC1-454D-AC7E-23D0000DCC94} = {2C348365-A9D8-459E-9276-56FC46AAEE31}
		{07CDB87A-6906-4B04-9622-164FE04A3F9A} = {2C348365-A9D8-459E-9276-56FC46AAEE31}
		{9459D3EB-9D7F-437E-AC7A-245698B4D62F} = {35E025BF-BBB2-4FAC-9F4B-37CBA083EE47}
		{33A68F57-B234-4481-AEDE-03D51756B35A} = {2C348365-A9D8-459E-9276-56FC46AAEE31}
		{F6195E7B-8002-42AE-BF86-E78DBC769A47} = {35E025BF-BBB2-4FAC-9F4B-37CBA083EE47}
		{A645D475-3448-4473-88CA-E3C3B31E33CA} = {35E025BF-BBB2-4FAC-9F4B-37CBA083EE47}
	EndGlobalSection
EndGlobal
