
Microsoft Visual Studio Solution File, Format Version 12.00
# Visual Studio 15
VisualStudioVersion = 15.0.26124.0
MinimumVisualStudioVersion = 15.0.26124.0
Project("{FAE04EC0-301F-11D3-BF4B-00C04F79EFBC}") = "ExternAlias.App", "ExternAlias.App\ExternAlias.App.csproj", "{447E6D15-63B0-47F3-9E44-D6F0D0087C46}"
EndProject
Project("{FAE04EC0-301F-11D3-BF4B-00C04F79EFBC}") = "ExternAlias.Lib", "ExternAlias.Lib\ExternAlias.Lib.csproj", "{ECC29DFA-3AC0-474E-9C5C-C8AD4D3DD17D}"
EndProject
Project("{FAE04EC0-301F-11D3-BF4B-00C04F79EFBC}") = "ExternAlias.App2", "ExternAlias.App2\ExternAlias.App2.csproj", "{220989D8-7529-4F49-BD49-8A256E6BC020}"
EndProject
Global
	GlobalSection(SolutionConfigurationPlatforms) = preSolution
		Debug|Any CPU = Debug|Any CPU
		Debug|x64 = Debug|x64
		Debug|x86 = Debug|x86
		Release|Any CPU = Release|Any CPU
		Release|x64 = Release|x64
		Release|x86 = Release|x86
	EndGlobalSection
	GlobalSection(SolutionProperties) = preSolution
		HideSolutionNode = FALSE
	EndGlobalSection
	GlobalSection(ProjectConfigurationPlatforms) = postSolution
		{447E6D15-63B0-47F3-9E44-D6F0D0087C46}.Debug|Any CPU.ActiveCfg = Debug|Any CPU
		{447E6D15-63B0-47F3-9E44-D6F0D0087C46}.Debug|Any CPU.Build.0 = Debug|Any CPU
		{447E6D15-63B0-47F3-9E44-D6F0D0087C46}.Debug|x64.ActiveCfg = Debug|Any CPU
		{447E6D15-63B0-47F3-9E44-D6F0D0087C46}.Debug|x64.Build.0 = Debug|Any CPU
		{447E6D15-63B0-47F3-9E44-D6F0D0087C46}.Debug|x86.ActiveCfg = Debug|Any CPU
		{447E6D15-63B0-47F3-9E44-D6F0D0087C46}.Debug|x86.Build.0 = Debug|Any CPU
		{447E6D15-63B0-47F3-9E44-D6F0D0087C46}.Release|Any CPU.ActiveCfg = Release|Any CPU
		{447E6D15-63B0-47F3-9E44-D6F0D0087C46}.Release|Any CPU.Build.0 = Release|Any CPU
		{447E6D15-63B0-47F3-9E44-D6F0D0087C46}.Release|x64.ActiveCfg = Release|Any CPU
		{447E6D15-63B0-47F3-9E44-D6F0D0087C46}.Release|x64.Build.0 = Release|Any CPU
		{447E6D15-63B0-47F3-9E44-D6F0D0087C46}.Release|x86.ActiveCfg = Release|Any CPU
		{447E6D15-63B0-47F3-9E44-D6F0D0087C46}.Release|x86.Build.0 = Release|Any CPU
		{ECC29DFA-3AC0-474E-9C5C-C8AD4D3DD17D}.Debug|Any CPU.ActiveCfg = Debug|Any CPU
		{ECC29DFA-3AC0-474E-9C5C-C8AD4D3DD17D}.Debug|Any CPU.Build.0 = Debug|Any CPU
		{ECC29DFA-3AC0-474E-9C5C-C8AD4D3DD17D}.Debug|x64.ActiveCfg = Debug|Any CPU
		{ECC29DFA-3AC0-474E-9C5C-C8AD4D3DD17D}.Debug|x64.Build.0 = Debug|Any CPU
		{ECC29DFA-3AC0-474E-9C5C-C8AD4D3DD17D}.Debug|x86.ActiveCfg = Debug|Any CPU
		{ECC29DFA-3AC0-474E-9C5C-C8AD4D3DD17D}.Debug|x86.Build.0 = Debug|Any CPU
		{ECC29DFA-3AC0-474E-9C5C-C8AD4D3DD17D}.Release|Any CPU.ActiveCfg = Release|Any CPU
		{ECC29DFA-3AC0-474E-9C5C-C8AD4D3DD17D}.Release|Any CPU.Build.0 = Release|Any CPU
		{ECC29DFA-3AC0-474E-9C5C-C8AD4D3DD17D}.Release|x64.ActiveCfg = Release|Any CPU
		{ECC29DFA-3AC0-474E-9C5C-C8AD4D3DD17D}.Release|x64.Build.0 = Release|Any CPU
		{ECC29DFA-3AC0-474E-9C5C-C8AD4D3DD17D}.Release|x86.ActiveCfg = Release|Any CPU
		{ECC29DFA-3AC0-474E-9C5C-C8AD4D3DD17D}.Release|x86.Build.0 = Release|Any CPU
		{220989D8-7529-4F49-BD49-8A256E6BC020}.Debug|Any CPU.ActiveCfg = Debug|Any CPU
		{220989D8-7529-4F49-BD49-8A256E6BC020}.Debug|Any CPU.Build.0 = Debug|Any CPU
		{220989D8-7529-4F49-BD49-8A256E6BC020}.Debug|x64.ActiveCfg = Debug|Any CPU
		{220989D8-7529-4F49-BD49-8A256E6BC020}.Debug|x64.Build.0 = Debug|Any CPU
		{220989D8-7529-4F49-BD49-8A256E6BC020}.Debug|x86.ActiveCfg = Debug|Any CPU
		{220989D8-7529-4F49-BD49-8A256E6BC020}.Debug|x86.Build.0 = Debug|Any CPU
		{220989D8-7529-4F49-BD49-8A256E6BC020}.Release|Any CPU.ActiveCfg = Release|Any CPU
		{220989D8-7529-4F49-BD49-8A256E6BC020}.Release|Any CPU.Build.0 = Release|Any CPU
		{220989D8-7529-4F49-BD49-8A256E6BC020}.Release|x64.ActiveCfg = Release|Any CPU
		{220989D8-7529-4F49-BD49-8A256E6BC020}.Release|x64.Build.0 = Release|Any CPU
		{220989D8-7529-4F49-BD49-8A256E6BC020}.Release|x86.ActiveCfg = Release|Any CPU
		{220989D8-7529-4F49-BD49-8A256E6BC020}.Release|x86.Build.0 = Release|Any CPU
	EndGlobalSection
EndGlobal
