
Microsoft Visual Studio Solution File, Format Version 12.00
# Visual Studio 15
VisualStudioVersion = 15.0.27428.2037
MinimumVisualStudioVersion = 10.0.40219.1
Project("{9A19103F-16F7-4668-BE54-9A1E7A4F7556}") = "CallerLib", "CallerLib\CallerLib.csproj", "{DA2BDA85-AC64-4CBA-A0EB-D9A9A1123A77}"
EndProject
Project("{9A19103F-16F7-4668-BE54-9A1E7A4F7556}") = "CalleeLib", "CalleeLib\CalleeLib.csproj", "{69D47C59-90DF-4E0A-8E3A-6C496A3BC45B}"
EndProject
Global
	GlobalSection(SolutionConfigurationPlatforms) = preSolution
		Debug|Any CPU = Debug|Any CPU
		Release|Any CPU = Release|Any CPU
	EndGlobalSection
	GlobalSection(ProjectConfigurationPlatforms) = postSolution
		{DA2BDA85-AC64-4CBA-A0EB-D9A9A1123A77}.Debug|Any CPU.ActiveCfg = Debug|Any CPU
		{DA2BDA85-AC64-4CBA-A0EB-D9A9A1123A77}.Debug|Any CPU.Build.0 = Debug|Any CPU
		{DA2BDA85-AC64-4CBA-A0EB-D9A9A1123A77}.Release|Any CPU.ActiveCfg = Release|Any CPU
		{DA2BDA85-AC64-4CBA-A0EB-D9A9A1123A77}.Release|Any CPU.Build.0 = Release|Any CPU
		{69D47C59-90DF-4E0A-8E3A-6C496A3BC45B}.Debug|Any CPU.ActiveCfg = Debug|Any CPU
		{69D47C59-90DF-4E0A-8E3A-6C496A3BC45B}.Debug|Any CPU.Build.0 = Debug|Any CPU
		{69D47C59-90DF-4E0A-8E3A-6C496A3BC45B}.Release|Any CPU.ActiveCfg = Release|Any CPU
		{69D47C59-90DF-4E0A-8E3A-6C496A3BC45B}.Release|Any CPU.Build.0 = Release|Any CPU
	EndGlobalSection
	GlobalSection(SolutionProperties) = preSolution
		HideSolutionNode = FALSE
	EndGlobalSection
	GlobalSection(ExtensibilityGlobals) = postSolution
		SolutionGuid = {60CDB206-0C29-48A8-976B-898F2FEB67E1}
	EndGlobalSection
EndGlobal
