
Microsoft Visual Studio Solution File, Format Version 12.00
# Visual Studio 15
VisualStudioVersion = 15.0.27428.2037
MinimumVisualStudioVersion = 10.0.40219.1
Project("{FAE04EC0-301F-11D3-BF4B-00C04F79EFBC}") = "DotNetCoreAppSigned", "DotNetCoreAppSigned\DotNetCoreAppSigned.csproj", "{79355E3E-D65A-447C-B093-622C7DA58608}"
EndProject
Project("{FAE04EC0-301F-11D3-BF4B-00C04F79EFBC}") = "SignedLib", "SignedLib\SignedLib.csproj", "{F24A9E7E-A6C4-4ACD-921A-2485D227CCD4}"
EndProject
Global
	GlobalSection(SolutionConfigurationPlatforms) = preSolution
		Debug|Any CPU = Debug|Any CPU
		Release|Any CPU = Release|Any CPU
	EndGlobalSection
	GlobalSection(ProjectConfigurationPlatforms) = postSolution
		{79355E3E-D65A-447C-B093-622C7DA58608}.Debug|Any CPU.ActiveCfg = Debug|Any CPU
		{79355E3E-D65A-447C-B093-622C7DA58608}.Debug|Any CPU.Build.0 = Debug|Any CPU
		{79355E3E-D65A-447C-B093-622C7DA58608}.Release|Any CPU.ActiveCfg = Release|Any CPU
		{79355E3E-D65A-447C-B093-622C7DA58608}.Release|Any CPU.Build.0 = Release|Any CPU
		{F24A9E7E-A6C4-4ACD-921A-2485D227CCD4}.Debug|Any CPU.ActiveCfg = Debug|Any CPU
		{F24A9E7E-A6C4-4ACD-921A-2485D227CCD4}.Debug|Any CPU.Build.0 = Debug|Any CPU
		{F24A9E7E-A6C4-4ACD-921A-2485D227CCD4}.Release|Any CPU.ActiveCfg = Release|Any CPU
		{F24A9E7E-A6C4-4ACD-921A-2485D227CCD4}.Release|Any CPU.Build.0 = Release|Any CPU
	EndGlobalSection
	GlobalSection(SolutionProperties) = preSolution
		HideSolutionNode = FALSE
	EndGlobalSection
	GlobalSection(ExtensibilityGlobals) = postSolution
		SolutionGuid = {E78F516A-B3E6-4470-95A1-E8E6C487FDA4}
	EndGlobalSection
EndGlobal
